{
	"name": "create-node-shell-module",
	"version": "0.0.0",
	"lockfileVersion": 1,
	"requires": true,
	"dependencies": {
		"create-node-module": {
			"version": "npm:@volkovasystem/create-node-module@0.0.2",
			"resolved": "https://registry.npmjs.org/@volkovasystem/create-node-module/-/create-node-module-0.0.2.tgz",
			"integrity": "sha512-ESMBLwIFDlDwK2alSfe3vfqxu5VTTLtEN4BW8JbahVp9dTQ0FtrA2VuWK33YEU4Qn3cctl8c2PmWCzOJikLnJA==",
			"requires": {
				"format-package-json-file": "npm:@volkovasystem/format-package-json-file@0.0.2"
			}
		},
		"format-json-file": {
			"version": "npm:@volkovasystem/format-json-file@0.0.4",
			"resolved": "https://registry.npmjs.org/@volkovasystem/format-json-file/-/format-json-file-0.0.4.tgz",
			"integrity": "sha512-Wvd03GXaHnhmfdC5Uzi7Od1ljuqFtAdCy/JH6Hn165UeUa5ZBHKj/TRiWN9jxDoqdNuRMuyhHLmIGHyObGV2IQ=="
		},
		"format-package-json-file": {
			"version": "npm:@volkovasystem/format-package-json-file@0.0.2",
			"resolved": "https://registry.npmjs.org/@volkovasystem/format-package-json-file/-/format-package-json-file-0.0.2.tgz",
			"integrity": "sha512-TFTCbvEMYoHo4twsHWvcmdyaX06ObArxe8yupNmlTrv7uu0gf9LawRqmSicaBgXuWjU5WFjLqywgNaz0xDzhlw==",
			"requires": {
				"format-json-file": "npm:@volkovasystem/format-json-file@0.0.4"
			}
		}
	}
}
